
Microsoft Visual Studio Solution File, Format Version 12.00
# Visual Studio 15
VisualStudioVersion = 15.0.28307.136
MinimumVisualStudioVersion = 10.0.40219.1
Project("{FAE04EC0-301F-11D3-BF4B-00C04F79EFBC}") = "SenseFramework.Data.MongoDb", "SenseFramework.Data.MongoDb.csproj", "{53103820-99EB-4923-945B-BFD6F1B1B34D}"
EndProject
Global
	GlobalSection(SolutionConfigurationPlatforms) = preSolution
		Debug|Any CPU = Debug|Any CPU
		Release|Any CPU = Release|Any CPU
	EndGlobalSection
	GlobalSection(ProjectConfigurationPlatforms) = postSolution
		{53103820-99EB-4923-945B-BFD6F1B1B34D}.Debug|Any CPU.ActiveCfg = Debug|Any CPU
		{53103820-99EB-4923-945B-BFD6F1B1B34D}.Debug|Any CPU.Build.0 = Debug|Any CPU
		{53103820-99EB-4923-945B-BFD6F1B1B34D}.Release|Any CPU.ActiveCfg = Release|Any CPU
		{53103820-99EB-4923-945B-BFD6F1B1B34D}.Release|Any CPU.Build.0 = Release|Any CPU
	EndGlobalSection
	GlobalSection(SolutionProperties) = preSolution
		HideSolutionNode = FALSE
	EndGlobalSection
	GlobalSection(ExtensibilityGlobals) = postSolution
		SolutionGuid = {5F0D8F49-E970-4D7D-99E4-7F3A5945AAAF}
	EndGlobalSection
EndGlobal
